
Microsoft Visual Studio Solution File, Format Version 12.00
# Visual Studio Version 17
VisualStudioVersion = 17.7.34202.233
MinimumVisualStudioVersion = 10.0.40219.1
Project("{FAE04EC0-301F-11D3-BF4B-00C04F79EFBC}") = "VillaStayAPI", "VillaStayAPI\VillaStayAPI.csproj", "{10D65AAC-54EE-44AF-800B-2E90EE997520}"
EndProject
Global
	GlobalSection(SolutionConfigurationPlatforms) = preSolution
		Debug|Any CPU = Debug|Any CPU
		Release|Any CPU = Release|Any CPU
	EndGlobalSection
	GlobalSection(ProjectConfigurationPlatforms) = postSolution
		{10D65AAC-54EE-44AF-800B-2E90EE997520}.Debug|Any CPU.ActiveCfg = Debug|Any CPU
		{10D65AAC-54EE-44AF-800B-2E90EE997520}.Debug|Any CPU.Build.0 = Debug|Any CPU
		{10D65AAC-54EE-44AF-800B-2E90EE997520}.Release|Any CPU.ActiveCfg = Release|Any CPU
		{10D65AAC-54EE-44AF-800B-2E90EE997520}.Release|Any CPU.Build.0 = Release|Any CPU
	EndGlobalSection
	GlobalSection(SolutionProperties) = preSolution
		HideSolutionNode = FALSE
	EndGlobalSection
	GlobalSection(ExtensibilityGlobals) = postSolution
		SolutionGuid = {6EBAFD74-B3CB-4139-B1B7-D6590862FF94}
	EndGlobalSection
EndGlobal
